// !$*UTF8*$!
{
	archiveVersion = 1;
	classes = {
	};
	objectVersion = 56;
	objects = {

/* Begin PBXBuildFile section */
		A10001 /* UninstallerApp.swift in Sources */ = {isa = PBXBuildFile; fileRef = B10001; };
		A10002 /* ContentView.swift in Sources */ = {isa = PBXBuildFile; fileRef = B10002; };
		A10003 /* Assets.xcassets in Resources */ = {isa = PBXBuildFile; fileRef = B10003; };
		A10004 /* AppInfo.swift in Sources */ = {isa = PBXBuildFile; fileRef = B10004; };
		A10005 /* FoundFile.swift in Sources */ = {isa = PBXBuildFile; fileRef = B10005; };
		A10006 /* ScanResult.swift in Sources */ = {isa = PBXBuildFile; fileRef = B10006; };
		A10007 /* AppBundleParser.swift in Sources */ = {isa = PBXBuildFile; fileRef = B10007; };
		A10008 /* FileScanner.swift in Sources */ = {isa = PBXBuildFile; fileRef = B10008; };
		A10009 /* TrashService.swift in Sources */ = {isa = PBXBuildFile; fileRef = B10009; };
		A10010 /* UninstallerViewModel.swift in Sources */ = {isa = PBXBuildFile; fileRef = B10010; };
		A10011 /* DropZoneView.swift in Sources */ = {isa = PBXBuildFile; fileRef = B10011; };
		A10012 /* FileListView.swift in Sources */ = {isa = PBXBuildFile; fileRef = B10012; };
		A10013 /* FileRowView.swift in Sources */ = {isa = PBXBuildFile; fileRef = B10013; };
		A10014 /* FullDiskAccessPromptView.swift in Sources */ = {isa = PBXBuildFile; fileRef = B10014; };
		A10015 /* CommunityMappings.swift in Sources */ = {isa = PBXBuildFile; fileRef = B10016; };
		A10016 /* community_mappings.json in Resources */ = {isa = PBXBuildFile; fileRef = B10017; };
/* End PBXBuildFile section */

/* Begin PBXFileReference section */
		B10000 /* Uninstaller.app */ = {isa = PBXFileReference; explicitFileType = wrapper.application; includeInIndex = 0; path = Uninstaller.app; sourceTree = BUILT_PRODUCTS_DIR; };
		B10001 /* UninstallerApp.swift */ = {isa = PBXFileReference; lastKnownFileType = sourcecode.swift; path = UninstallerApp.swift; sourceTree = "<group>"; };
		B10002 /* ContentView.swift */ = {isa = PBXFileReference; lastKnownFileType = sourcecode.swift; path = ContentView.swift; sourceTree = "<group>"; };
		B10003 /* Assets.xcassets */ = {isa = PBXFileReference; lastKnownFileType = folder.assetcatalog; path = Assets.xcassets; sourceTree = "<group>"; };
		B10004 /* AppInfo.swift */ = {isa = PBXFileReference; lastKnownFileType = sourcecode.swift; path = AppInfo.swift; sourceTree = "<group>"; };
		B10005 /* FoundFile.swift */ = {isa = PBXFileReference; lastKnownFileType = sourcecode.swift; path = FoundFile.swift; sourceTree = "<group>"; };
		B10006 /* ScanResult.swift */ = {isa = PBXFileReference; lastKnownFileType = sourcecode.swift; path = ScanResult.swift; sourceTree = "<group>"; };
		B10007 /* AppBundleParser.swift */ = {isa = PBXFileReference; lastKnownFileType = sourcecode.swift; path = AppBundleParser.swift; sourceTree = "<group>"; };
		B10008 /* FileScanner.swift */ = {isa = PBXFileReference; lastKnownFileType = sourcecode.swift; path = FileScanner.swift; sourceTree = "<group>"; };
		B10009 /* TrashService.swift */ = {isa = PBXFileReference; lastKnownFileType = sourcecode.swift; path = TrashService.swift; sourceTree = "<group>"; };
		B10010 /* UninstallerViewModel.swift */ = {isa = PBXFileReference; lastKnownFileType = sourcecode.swift; path = UninstallerViewModel.swift; sourceTree = "<group>"; };
		B10011 /* DropZoneView.swift */ = {isa = PBXFileReference; lastKnownFileType = sourcecode.swift; path = DropZoneView.swift; sourceTree = "<group>"; };
		B10012 /* FileListView.swift */ = {isa = PBXFileReference; lastKnownFileType = sourcecode.swift; path = FileListView.swift; sourceTree = "<group>"; };
		B10013 /* FileRowView.swift */ = {isa = PBXFileReference; lastKnownFileType = sourcecode.swift; path = FileRowView.swift; sourceTree = "<group>"; };
		B10014 /* FullDiskAccessPromptView.swift */ = {isa = PBXFileReference; lastKnownFileType = sourcecode.swift; path = FullDiskAccessPromptView.swift; sourceTree = "<group>"; };
		B10015 /* Uninstaller.entitlements */ = {isa = PBXFileReference; lastKnownFileType = text.plist.entitlements; path = Uninstaller.entitlements; sourceTree = "<group>"; };
		B10016 /* CommunityMappings.swift */ = {isa = PBXFileReference; lastKnownFileType = sourcecode.swift; path = CommunityMappings.swift; sourceTree = "<group>"; };
		B10017 /* community_mappings.json */ = {isa = PBXFileReference; lastKnownFileType = text.json; path = community_mappings.json; sourceTree = "<group>"; };
/* End PBXFileReference section */

/* Begin PBXFrameworksBuildPhase section */
		C10001 /* Frameworks */ = {
			isa = PBXFrameworksBuildPhase;
			buildActionMask = 2147483647;
			files = (
			);
			runOnlyForDeploymentPostprocessing = 0;
		};
/* End PBXFrameworksBuildPhase section */

/* Begin PBXGroup section */
		D10000 = {
			isa = PBXGroup;
			children = (
				D10001 /* Uninstaller */,
				D10006 /* Products */,
			);
			sourceTree = "<group>";
		};
		D10001 /* Uninstaller */ = {
			isa = PBXGroup;
			children = (
				B10001 /* UninstallerApp.swift */,
				B10015 /* Uninstaller.entitlements */,
				B10003 /* Assets.xcassets */,
				D10002 /* Models */,
				D10003 /* Services */,
				D10004 /* ViewModels */,
				D10005 /* Views */,
				D10007 /* Resources */,
			);
			path = Uninstaller;
			sourceTree = "<group>";
		};
		D10002 /* Models */ = {
			isa = PBXGroup;
			children = (
				B10004 /* AppInfo.swift */,
				B10005 /* FoundFile.swift */,
				B10006 /* ScanResult.swift */,
			);
			path = Models;
			sourceTree = "<group>";
		};
		D10003 /* Services */ = {
			isa = PBXGroup;
			children = (
				B10007 /* AppBundleParser.swift */,
				B10016 /* CommunityMappings.swift */,
				B10008 /* FileScanner.swift */,
				B10009 /* TrashService.swift */,
			);
			path = Services;
			sourceTree = "<group>";
		};
		D10004 /* ViewModels */ = {
			isa = PBXGroup;
			children = (
				B10010 /* UninstallerViewModel.swift */,
			);
			path = ViewModels;
			sourceTree = "<group>";
		};
		D10005 /* Views */ = {
			isa = PBXGroup;
			children = (
				B10002 /* ContentView.swift */,
				B10011 /* DropZoneView.swift */,
				B10012 /* FileListView.swift */,
				B10013 /* FileRowView.swift */,
				B10014 /* FullDiskAccessPromptView.swift */,
			);
			path = Views;
			sourceTree = "<group>";
		};
		D10006 /* Products */ = {
			isa = PBXGroup;
			children = (
				B10000 /* Uninstaller.app */,
			);
			name = Products;
			sourceTree = "<group>";
		};
		D10007 /* Resources */ = {
			isa = PBXGroup;
			children = (
				B10017 /* community_mappings.json */,
			);
			path = Resources;
			sourceTree = "<group>";
		};
/* End PBXGroup section */

/* Begin PBXNativeTarget section */
		E10001 /* Uninstaller */ = {
			isa = PBXNativeTarget;
			buildConfigurationList = F10003 /* Build configuration list for PBXNativeTarget "Uninstaller" */;
			buildPhases = (
				E10002 /* Sources */,
				C10001 /* Frameworks */,
				E10003 /* Resources */,
			);
			buildRules = (
			);
			dependencies = (
			);
			name = Uninstaller;
			productName = Uninstaller;
			productReference = B10000 /* Uninstaller.app */;
			productType = "com.apple.product-type.application";
		};
/* End PBXNativeTarget section */

/* Begin PBXProject section */
		E10000 /* Project object */ = {
			isa = PBXProject;
			attributes = {
				BuildIndependentTargetsInParallel = 1;
				LastSwiftUpdateCheck = 1500;
				LastUpgradeCheck = 1500;
				TargetAttributes = {
					E10001 = {
						CreatedOnToolsVersion = 15.0;
					};
				};
			};
			buildConfigurationList = F10001 /* Build configuration list for PBXProject "Uninstaller" */;
			compatibilityVersion = "Xcode 14.0";
			developmentRegion = en;
			hasScannedForEncodings = 0;
			knownRegions = (
				en,
				Base,
			);
			mainGroup = D10000;
			productRefGroup = D10006 /* Products */;
			projectDirPath = "";
			projectRoot = "";
			targets = (
				E10001 /* Uninstaller */,
			);
		};
/* End PBXProject section */

/* Begin PBXResourcesBuildPhase section */
		E10003 /* Resources */ = {
			isa = PBXResourcesBuildPhase;
			buildActionMask = 2147483647;
			files = (
				A10003 /* Assets.xcassets in Resources */,
				A10016 /* community_mappings.json in Resources */,
			);
			runOnlyForDeploymentPostprocessing = 0;
		};
/* End PBXResourcesBuildPhase section */

/* Begin PBXSourcesBuildPhase section */
		E10002 /* Sources */ = {
			isa = PBXSourcesBuildPhase;
			buildActionMask = 2147483647;
			files = (
				A10001 /* UninstallerApp.swift in Sources */,
				A10002 /* ContentView.swift in Sources */,
				A10004 /* AppInfo.swift in Sources */,
				A10005 /* FoundFile.swift in Sources */,
				A10006 /* ScanResult.swift in Sources */,
				A10007 /* AppBundleParser.swift in Sources */,
				A10008 /* FileScanner.swift in Sources */,
				A10009 /* TrashService.swift in Sources */,
				A10010 /* UninstallerViewModel.swift in Sources */,
				A10011 /* DropZoneView.swift in Sources */,
				A10012 /* FileListView.swift in Sources */,
				A10013 /* FileRowView.swift in Sources */,
				A10014 /* FullDiskAccessPromptView.swift in Sources */,
				A10015 /* CommunityMappings.swift in Sources */,
			);
			runOnlyForDeploymentPostprocessing = 0;
		};
/* End PBXSourcesBuildPhase section */

/* Begin XCBuildConfiguration section */
		F10010 /* Debug */ = {
			isa = XCBuildConfiguration;
			buildSettings = {
				ALWAYS_SEARCH_USER_PATHS = NO;
				ASSETCATALOG_COMPILER_GENERATE_SWIFT_ASSET_SYMBOL_EXTENSIONS = YES;
				CLANG_ANALYZER_NONNULL = YES;
				CLANG_ANALYZER_NUMBER_OBJECT_CONVERSION = YES_AGGRESSIVE;
				CLANG_CXX_LANGUAGE_STANDARD = "gnu++20";
				CLANG_ENABLE_MODULES = YES;
				CLANG_ENABLE_OBJC_ARC = YES;
				CLANG_ENABLE_OBJC_WEAK = YES;
				CLANG_WARN_BLOCK_CAPTURE_AUTORELEASING = YES;
				CLANG_WARN_BOOL_CONVERSION = YES;
				CLANG_WARN_COMMA = YES;
				CLANG_WARN_CONSTANT_CONVERSION = YES;
				CLANG_WARN_DEPRECATED_OBJC_IMPLEMENTATIONS = YES;
				CLANG_WARN_DIRECT_OBJC_ISA_USAGE = YES_ERROR;
				CLANG_WARN_DOCUMENTATION_COMMENTS = YES;
				CLANG_WARN_EMPTY_BODY = YES;
				CLANG_WARN_ENUM_CONVERSION = YES;
				CLANG_WARN_INFINITE_RECURSION = YES;
				CLANG_WARN_INT_CONVERSION = YES;
				CLANG_WARN_NON_LITERAL_NULL_CONVERSION = YES;
				CLANG_WARN_OBJC_IMPLICIT_RETAIN_SELF = YES;
				CLANG_WARN_OBJC_LITERAL_CONVERSION = YES;
				CLANG_WARN_OBJC_ROOT_CLASS = YES_ERROR;
				CLANG_WARN_QUOTED_INCLUDE_IN_FRAMEWORK_HEADER = YES;
				CLANG_WARN_RANGE_LOOP_ANALYSIS = YES;
				CLANG_WARN_STRICT_PROTOTYPES = YES;
				CLANG_WARN_SUSPICIOUS_MOVE = YES;
				CLANG_WARN_UNGUARDED_AVAILABILITY = YES_AGGRESSIVE;
				CLANG_WARN_UNREACHABLE_CODE = YES;
				CLANG_WARN__DUPLICATE_METHOD_MATCH = YES;
				COPY_PHASE_STRIP = NO;
				DEBUG_INFORMATION_FORMAT = dwarf;
				ENABLE_STRICT_OBJC_MSGSEND = YES;
				ENABLE_TESTABILITY = YES;
				ENABLE_USER_SCRIPT_SANDBOXING = YES;
				GCC_C_LANGUAGE_STANDARD = gnu17;
				GCC_DYNAMIC_NO_PIC = NO;
				GCC_NO_COMMON_BLOCKS = YES;
				GCC_OPTIMIZATION_LEVEL = 0;
				GCC_PREPROCESSOR_DEFINITIONS = (
					"DEBUG=1",
					"$(inherited)",
				);
				GCC_WARN_64_TO_32_BIT_CONVERSION = YES;
				GCC_WARN_ABOUT_RETURN_TYPE = YES_ERROR;
				GCC_WARN_UNDECLARED_SELECTOR = YES;
				GCC_WARN_UNINITIALIZED_AUTOS = YES_AGGRESSIVE;
				GCC_WARN_UNUSED_FUNCTION = YES;
				GCC_WARN_UNUSED_VARIABLE = YES;
				MACOSX_DEPLOYMENT_TARGET = 14.0;
				MTL_ENABLE_DEBUG_INFO = INCLUDE_SOURCE;
				MTL_FAST_MATH = YES;
				ONLY_ACTIVE_ARCH = YES;
				SDKROOT = macosx;
				SWIFT_ACTIVE_COMPILATION_CONDITIONS = "DEBUG $(inherited)";
				SWIFT_OPTIMIZATION_LEVEL = "-Onone";
			};
			name = Debug;
		};
		F10011 /* Release */ = {
			isa = XCBuildConfiguration;
			buildSettings = {
				ALWAYS_SEARCH_USER_PATHS = NO;
				ASSETCATALOG_COMPILER_GENERATE_SWIFT_ASSET_SYMBOL_EXTENSIONS = YES;
				CLANG_ANALYZER_NONNULL = YES;
				CLANG_ANALYZER_NUMBER_OBJECT_CONVERSION = YES_AGGRESSIVE;
				CLANG_CXX_LANGUAGE_STANDARD = "gnu++20";
				CLANG_ENABLE_MODULES = YES;
				CLANG_ENABLE_OBJC_ARC = YES;
				CLANG_ENABLE_OBJC_WEAK = YES;
				CLANG_WARN_BLOCK_CAPTURE_AUTORELEASING = YES;
				CLANG_WARN_BOOL_CONVERSION = YES;
				CLANG_WARN_COMMA = YES;
				CLANG_WARN_CONSTANT_CONVERSION = YES;
				CLANG_WARN_DEPRECATED_OBJC_IMPLEMENTATIONS = YES;
				CLANG_WARN_DIRECT_OBJC_ISA_USAGE = YES_ERROR;
				CLANG_WARN_DOCUMENTATION_COMMENTS = YES;
				CLANG_WARN_EMPTY_BODY = YES;
				CLANG_WARN_ENUM_CONVERSION = YES;
				CLANG_WARN_INFINITE_RECURSION = YES;
				CLANG_WARN_INT_CONVERSION = YES;
				CLANG_WARN_NON_LITERAL_NULL_CONVERSION = YES;
				CLANG_WARN_OBJC_IMPLICIT_RETAIN_SELF = YES;
				CLANG_WARN_OBJC_LITERAL_CONVERSION = YES;
				CLANG_WARN_OBJC_ROOT_CLASS = YES_ERROR;
				CLANG_WARN_QUOTED_INCLUDE_IN_FRAMEWORK_HEADER = YES;
				CLANG_WARN_RANGE_LOOP_ANALYSIS = YES;
				CLANG_WARN_STRICT_PROTOTYPES = YES;
				CLANG_WARN_SUSPICIOUS_MOVE = YES;
				CLANG_WARN_UNGUARDED_AVAILABILITY = YES_AGGRESSIVE;
				CLANG_WARN_UNREACHABLE_CODE = YES;
				CLANG_WARN__DUPLICATE_METHOD_MATCH = YES;
				COPY_PHASE_STRIP = NO;
				DEBUG_INFORMATION_FORMAT = "dwarf-with-dsym";
				ENABLE_NS_ASSERTIONS = NO;
				ENABLE_STRICT_OBJC_MSGSEND = YES;
				ENABLE_USER_SCRIPT_SANDBOXING = YES;
				GCC_C_LANGUAGE_STANDARD = gnu17;
				GCC_NO_COMMON_BLOCKS = YES;
				GCC_WARN_64_TO_32_BIT_CONVERSION = YES;
				GCC_WARN_ABOUT_RETURN_TYPE = YES_ERROR;
				GCC_WARN_UNDECLARED_SELECTOR = YES;
				GCC_WARN_UNINITIALIZED_AUTOS = YES_AGGRESSIVE;
				GCC_WARN_UNUSED_FUNCTION = YES;
				GCC_WARN_UNUSED_VARIABLE = YES;
				MACOSX_DEPLOYMENT_TARGET = 14.0;
				MTL_ENABLE_DEBUG_INFO = NO;
				MTL_FAST_MATH = YES;
				SDKROOT = macosx;
				SWIFT_COMPILATION_MODE = wholemodule;
			};
			name = Release;
		};
		F10020 /* Debug */ = {
			isa = XCBuildConfiguration;
			buildSettings = {
				ASSETCATALOG_COMPILER_APPICON_NAME = AppIcon;
				ASSETCATALOG_COMPILER_GLOBAL_ACCENT_COLOR_NAME = AccentColor;
				CODE_SIGN_ENTITLEMENTS = Uninstaller/Uninstaller.entitlements;
				CODE_SIGN_STYLE = Automatic;
				COMBINE_HIDPI_IMAGES = YES;
				CURRENT_PROJECT_VERSION = 1;
				ENABLE_HARDENED_RUNTIME = YES;
				GENERATE_INFOPLIST_FILE = YES;
				INFOPLIST_KEY_LSApplicationCategoryType = "public.app-category.utilities";
				INFOPLIST_KEY_NSHumanReadableCopyright = "";
				LD_RUNPATH_SEARCH_PATHS = (
					"$(inherited)",
					"@executable_path/../Frameworks",
				);
				MARKETING_VERSION = 1.0;
				PRODUCT_BUNDLE_IDENTIFIER = com.uninstaller.app;
				PRODUCT_NAME = "$(TARGET_NAME)";
				SWIFT_EMIT_LOC_STRINGS = YES;
				SWIFT_VERSION = 5.0;
			};
			name = Debug;
		};
		F10021 /* Release */ = {
			isa = XCBuildConfiguration;
			buildSettings = {
				ASSETCATALOG_COMPILER_APPICON_NAME = AppIcon;
				ASSETCATALOG_COMPILER_GLOBAL_ACCENT_COLOR_NAME = AccentColor;
				CODE_SIGN_ENTITLEMENTS = Uninstaller/Uninstaller.entitlements;
				CODE_SIGN_STYLE = Automatic;
				COMBINE_HIDPI_IMAGES = YES;
				CURRENT_PROJECT_VERSION = 1;
				ENABLE_HARDENED_RUNTIME = YES;
				GENERATE_INFOPLIST_FILE = YES;
				INFOPLIST_KEY_LSApplicationCategoryType = "public.app-category.utilities";
				INFOPLIST_KEY_NSHumanReadableCopyright = "";
				LD_RUNPATH_SEARCH_PATHS = (
					"$(inherited)",
					"@executable_path/../Frameworks",
				);
				MARKETING_VERSION = 1.0;
				PRODUCT_BUNDLE_IDENTIFIER = com.uninstaller.app;
				PRODUCT_NAME = "$(TARGET_NAME)";
				SWIFT_EMIT_LOC_STRINGS = YES;
				SWIFT_VERSION = 5.0;
			};
			name = Release;
		};
/* End XCBuildConfiguration section */

/* Begin XCConfigurationList section */
		F10001 /* Build configuration list for PBXProject "Uninstaller" */ = {
			isa = XCConfigurationList;
			buildConfigurations = (
				F10010 /* Debug */,
				F10011 /* Release */,
			);
			defaultConfigurationIsVisible = 0;
			defaultConfigurationName = Release;
		};
		F10003 /* Build configuration list for PBXNativeTarget "Uninstaller" */ = {
			isa = XCConfigurationList;
			buildConfigurations = (
				F10020 /* Debug */,
				F10021 /* Release */,
			);
			defaultConfigurationIsVisible = 0;
			defaultConfigurationName = Release;
		};
/* End XCConfigurationList section */

	};
	rootObject = E10000 /* Project object */;
}
